# THIS IS AN AUTOGENERATED FILE. DO NOT EDIT THIS FILE DIRECTLY.
# yarn lockfile v1


"@sendgrid/client@^7.4.3":
  version "7.4.3"
  resolved "https://registry.yarnpkg.com/@sendgrid/client/-/client-7.4.3.tgz#bc71aae05de2cd9aa607f4eb1d886711d09f9595"
  integrity sha512-tTaHx893w5iqG0sVtUnMyRchuwYF95k4UOkmov1MouMIeMUbNvbalITo7cG7YSXUTY9rT2t4eBY6HcEBCVeqfg==
  dependencies:
    "@sendgrid/helpers" "^7.4.3"
    axios "^0.21.1"

"@sendgrid/helpers@^7.4.3":
  version "7.4.3"
  resolved "https://registry.yarnpkg.com/@sendgrid/helpers/-/helpers-7.4.3.tgz#231a4405266cfa291054df8b668fe3a4dc9387aa"
  integrity sha512-Wt+68g1sVEM5UspJh34O/cxtv6BBbtAIk7U9B3PB2ySOtPs9e6hI1QkgYVwpNmkt7k2p86muUNyma/Aig25agg==
  dependencies:
    deepmerge "^4.2.2"

"@sendgrid/mail@^7.4.5":
  version "7.4.5"
  resolved "https://registry.yarnpkg.com/@sendgrid/mail/-/mail-7.4.5.tgz#22cef36e793134833b36aff5d3f4f53e8f81dd52"
  integrity sha512-adXMvrTUOlYr7+UTigZRGSYR9vheBv1y4fF2mugn29NBdQMfcQPGLQ5vIHgSAfcboBFCagZdamZqM5FeSGU0Hw==
  dependencies:
    "@sendgrid/client" "^7.4.3"
    "@sendgrid/helpers" "^7.4.3"

axios@^0.21.1:
  version "0.21.1"
  resolved "https://registry.yarnpkg.com/axios/-/axios-0.21.1.tgz#22563481962f4d6bde9a76d516ef0e5d3c09b2b8"
  integrity sha512-dKQiRHxGD9PPRIUNIWvZhPTPpl1rf/OxTYKsqKUDjBwYylTvV7SjSHJb9ratfyzM6wCdLCOYLzs73qpg5c4iGA==
  dependencies:
    follow-redirects "^1.10.0"

config@^3.3.6:
  version "3.3.6"
  resolved "https://registry.yarnpkg.com/config/-/config-3.3.6.tgz#b87799db7399cc34988f55379b5f43465b1b065c"
  integrity sha512-Hj5916C5HFawjYJat1epbyY2PlAgLpBtDUlr0MxGLgo3p5+7kylyvnRY18PqJHgnNWXcdd0eWDemT7eYWuFgwg==
  dependencies:
    json5 "^2.1.1"

deepmerge@^4.2.2:
  version "4.2.2"
  resolved "https://registry.yarnpkg.com/deepmerge/-/deepmerge-4.2.2.tgz#44d2ea3679b8f4d4ffba33f03d865fc1e7bf4955"
  integrity sha512-FJ3UgI4gIl+PHZm53knsuSFpE+nESMr7M4v9QcgB7S63Kj/6WqMiFQJpBBYz1Pt+66bZpP3Q7Lye0Oo9MPKEdg==

dotenv@^10.0.0:
  version "10.0.0"
  resolved "https://registry.yarnpkg.com/dotenv/-/dotenv-10.0.0.tgz#3d4227b8fb95f81096cdd2b66653fb2c7085ba81"
  integrity sha512-rlBi9d8jpv9Sf1klPjNfFAuWDjKLwTIJJ/VxtoTwIR6hnZxcEOQCZg2oIL3MWBYw5GpUDKOEnND7LXTbIpQ03Q==

follow-redirects@^1.10.0:
  version "1.14.1"
  resolved "https://registry.yarnpkg.com/follow-redirects/-/follow-redirects-1.14.1.tgz#d9114ded0a1cfdd334e164e6662ad02bfd91ff43"
  integrity sha512-HWqDgT7ZEkqRzBvc2s64vSZ/hfOceEol3ac/7tKwzuvEyWx3/4UegXh5oBOIotkGsObyk3xznnSRVADBgWSQVg==

json5@^2.1.1:
  version "2.2.0"
  resolved "https://registry.yarnpkg.com/json5/-/json5-2.2.0.tgz#2dfefe720c6ba525d9ebd909950f0515316c89a3"
  integrity sha512-f+8cldu7X/y7RAJurMEJmdoKXGB/X550w2Nr3tTbezL6RwEE/iMcm+tZnXeoZtKuOq6ft8+CqzEkrIgx1fPoQA==
  dependencies:
    minimist "^1.2.5"

minimist@^1.2.5:
  version "1.2.5"
  resolved "https://registry.yarnpkg.com/minimist/-/minimist-1.2.5.tgz#67d66014b66a6a8aaa0c083c5fd58df4e4e97602"
  integrity sha512-FM9nNUYrRBAELZQT3xeZQ7fmMOBg6nWNmJKTcgsJeaLstP/UODVpGsr5OhXhhXg6f+qtJ8uiZ+PUxkDWcgIXLw==
